
Microsoft Visual Studio Solution File, Format Version 12.00
# Visual Studio 15
VisualStudioVersion = 15.0.26430.15
MinimumVisualStudioVersion = 10.0.40219.1
Project("{FAE04EC0-301F-11D3-BF4B-00C04F79EFBC}") = "Operations.Classification", "Operations.Classification\Operations.Classification.csproj", "{ADFFC68B-0F84-4832-984B-0CD0F463D17E}"
EndProject
Project("{FAE04EC0-301F-11D3-BF4B-00C04F79EFBC}") = "Operations.Classification.Tests", "Operations.Classification.Tests\Operations.Classification.Tests.csproj", "{5776FFE0-FAB6-4BB0-9298-E7E9586280F1}"
EndProject
Project("{FAE04EC0-301F-11D3-BF4B-00C04F79EFBC}") = "Operations.Classification.WpfUi", "Operations.Classification.WpfUi\Operations.Classification.WpfUi.csproj", "{89AAC261-6E53-4D9A-95B3-83D0B442E313}"
EndProject
Project("{2150E333-8FDC-42A3-9474-1A3956D46DE8}") = "01 Front", "01 Front", "{078567A8-7BF7-4031-9806-C6BD9D6B2D5E}"
EndProject
Project("{2150E333-8FDC-42A3-9474-1A3956D46DE8}") = "02 Business", "02 Business", "{5D6CCCEF-6E1E-4D40-B117-C7F1D26384D0}"
EndProject
Project("{2150E333-8FDC-42A3-9474-1A3956D46DE8}") = "09 Tests", "09 Tests", "{132F170B-0A03-4B93-A0D6-FE2A7598247F}"
EndProject
Project("{FAE04EC0-301F-11D3-BF4B-00C04F79EFBC}") = "Operations.Classification.Gmc.Tests", "Operations.Classification.Gmc.IntegrationTests\Operations.Classification.Gmc.Tests.csproj", "{079A59FF-71A3-4E6B-827F-BE6A6D548D71}"
EndProject
Project("{2150E333-8FDC-42A3-9474-1A3956D46DE8}") = "00 Gettings started", "00 Gettings started", "{3EB9216F-64E7-45D9-ADE4-1941E5F43229}"
	ProjectSection(SolutionItems) = preProject
		AlteredMinimumRecommendedRules.ruleset = AlteredMinimumRecommendedRules.ruleset
		LICENSE = LICENSE
		README.md = README.md
		stylecop.json = stylecop.json
	EndProjectSection
EndProject
Project("{FAE04EC0-301F-11D3-BF4B-00C04F79EFBC}") = "Operations.Classification.WpfUi.Tests", "Operations.Classification.WpfUi.Tests\Operations.Classification.WpfUi.Tests.csproj", "{4AE93F77-0E6A-4394-B662-F08457397E2D}"
EndProject
Project("{FAE04EC0-301F-11D3-BF4B-00C04F79EFBC}") = "Operations.Classification.Schemas", "Operations.Classification.Schemas\Operations.Classification.Schemas.csproj", "{0B3BF827-D5A9-474B-B6BD-D31E054AAE78}"
EndProject
Project("{F088123C-0E9E-452A-89E6-6BA2F21D5CAC}") = "Operations.Classification.Diagrams", "Operations.Classification.Diagrams\Operations.Classification.Diagrams.modelproj", "{FCBA7F8A-BD30-4F21-B206-84C9AA9BA12C}"
EndProject
Global
	GlobalSection(SolutionConfigurationPlatforms) = preSolution
		Debug|Any CPU = Debug|Any CPU
		Release|Any CPU = Release|Any CPU
	EndGlobalSection
	GlobalSection(ProjectConfigurationPlatforms) = postSolution
		{ADFFC68B-0F84-4832-984B-0CD0F463D17E}.Debug|Any CPU.ActiveCfg = Debug|Any CPU
		{ADFFC68B-0F84-4832-984B-0CD0F463D17E}.Debug|Any CPU.Build.0 = Debug|Any CPU
		{ADFFC68B-0F84-4832-984B-0CD0F463D17E}.Release|Any CPU.ActiveCfg = Release|Any CPU
		{ADFFC68B-0F84-4832-984B-0CD0F463D17E}.Release|Any CPU.Build.0 = Release|Any CPU
		{5776FFE0-FAB6-4BB0-9298-E7E9586280F1}.Debug|Any CPU.ActiveCfg = Debug|Any CPU
		{5776FFE0-FAB6-4BB0-9298-E7E9586280F1}.Debug|Any CPU.Build.0 = Debug|Any CPU
		{5776FFE0-FAB6-4BB0-9298-E7E9586280F1}.Release|Any CPU.ActiveCfg = Release|Any CPU
		{5776FFE0-FAB6-4BB0-9298-E7E9586280F1}.Release|Any CPU.Build.0 = Release|Any CPU
		{89AAC261-6E53-4D9A-95B3-83D0B442E313}.Debug|Any CPU.ActiveCfg = Debug|Any CPU
		{89AAC261-6E53-4D9A-95B3-83D0B442E313}.Debug|Any CPU.Build.0 = Debug|Any CPU
		{89AAC261-6E53-4D9A-95B3-83D0B442E313}.Release|Any CPU.ActiveCfg = Release|Any CPU
		{89AAC261-6E53-4D9A-95B3-83D0B442E313}.Release|Any CPU.Build.0 = Release|Any CPU
		{079A59FF-71A3-4E6B-827F-BE6A6D548D71}.Debug|Any CPU.ActiveCfg = Debug|Any CPU
		{079A59FF-71A3-4E6B-827F-BE6A6D548D71}.Debug|Any CPU.Build.0 = Debug|Any CPU
		{079A59FF-71A3-4E6B-827F-BE6A6D548D71}.Release|Any CPU.ActiveCfg = Release|Any CPU
		{079A59FF-71A3-4E6B-827F-BE6A6D548D71}.Release|Any CPU.Build.0 = Release|Any CPU
		{4AE93F77-0E6A-4394-B662-F08457397E2D}.Debug|Any CPU.ActiveCfg = Debug|Any CPU
		{4AE93F77-0E6A-4394-B662-F08457397E2D}.Debug|Any CPU.Build.0 = Debug|Any CPU
		{4AE93F77-0E6A-4394-B662-F08457397E2D}.Release|Any CPU.ActiveCfg = Release|Any CPU
		{4AE93F77-0E6A-4394-B662-F08457397E2D}.Release|Any CPU.Build.0 = Release|Any CPU
		{0B3BF827-D5A9-474B-B6BD-D31E054AAE78}.Debug|Any CPU.ActiveCfg = Debug|Any CPU
		{0B3BF827-D5A9-474B-B6BD-D31E054AAE78}.Release|Any CPU.ActiveCfg = Release|Any CPU
		{FCBA7F8A-BD30-4F21-B206-84C9AA9BA12C}.Debug|Any CPU.ActiveCfg = Debug|Any CPU
		{FCBA7F8A-BD30-4F21-B206-84C9AA9BA12C}.Debug|Any CPU.Build.0 = Debug|Any CPU
		{FCBA7F8A-BD30-4F21-B206-84C9AA9BA12C}.Release|Any CPU.ActiveCfg = Release|Any CPU
		{FCBA7F8A-BD30-4F21-B206-84C9AA9BA12C}.Release|Any CPU.Build.0 = Release|Any CPU
	EndGlobalSection
	GlobalSection(SolutionProperties) = preSolution
		HideSolutionNode = FALSE
	EndGlobalSection
	GlobalSection(NestedProjects) = preSolution
		{ADFFC68B-0F84-4832-984B-0CD0F463D17E} = {5D6CCCEF-6E1E-4D40-B117-C7F1D26384D0}
		{5776FFE0-FAB6-4BB0-9298-E7E9586280F1} = {132F170B-0A03-4B93-A0D6-FE2A7598247F}
		{89AAC261-6E53-4D9A-95B3-83D0B442E313} = {078567A8-7BF7-4031-9806-C6BD9D6B2D5E}
		{079A59FF-71A3-4E6B-827F-BE6A6D548D71} = {132F170B-0A03-4B93-A0D6-FE2A7598247F}
		{4AE93F77-0E6A-4394-B662-F08457397E2D} = {132F170B-0A03-4B93-A0D6-FE2A7598247F}
		{0B3BF827-D5A9-474B-B6BD-D31E054AAE78} = {3EB9216F-64E7-45D9-ADE4-1941E5F43229}
		{FCBA7F8A-BD30-4F21-B206-84C9AA9BA12C} = {3EB9216F-64E7-45D9-ADE4-1941E5F43229}
	EndGlobalSection
EndGlobal
