
Microsoft Visual Studio Solution File, Format Version 12.00
# Visual Studio 14
VisualStudioVersion = 14.0.25420.1
MinimumVisualStudioVersion = 10.0.40219.1
Project("{FAE04EC0-301F-11D3-BF4B-00C04F79EFBC}") = "Operations.Classification", "Operations.Classification\Operations.Classification.csproj", "{ADFFC68B-0F84-4832-984B-0CD0F463D17E}"
EndProject
Project("{FAE04EC0-301F-11D3-BF4B-00C04F79EFBC}") = "Operations.Classification.Tests", "Operations.Classification.Tests\Operations.Classification.Tests.csproj", "{5776FFE0-FAB6-4BB0-9298-E7E9586280F1}"
EndProject
Global
	GlobalSection(SolutionConfigurationPlatforms) = preSolution
		Debug|Any CPU = Debug|Any CPU
		Release|Any CPU = Release|Any CPU
	EndGlobalSection
	GlobalSection(ProjectConfigurationPlatforms) = postSolution
		{ADFFC68B-0F84-4832-984B-0CD0F463D17E}.Debug|Any CPU.ActiveCfg = Debug|Any CPU
		{ADFFC68B-0F84-4832-984B-0CD0F463D17E}.Debug|Any CPU.Build.0 = Debug|Any CPU
		{ADFFC68B-0F84-4832-984B-0CD0F463D17E}.Release|Any CPU.ActiveCfg = Release|Any CPU
		{ADFFC68B-0F84-4832-984B-0CD0F463D17E}.Release|Any CPU.Build.0 = Release|Any CPU
		{5776FFE0-FAB6-4BB0-9298-E7E9586280F1}.Debug|Any CPU.ActiveCfg = Debug|Any CPU
		{5776FFE0-FAB6-4BB0-9298-E7E9586280F1}.Debug|Any CPU.Build.0 = Debug|Any CPU
		{5776FFE0-FAB6-4BB0-9298-E7E9586280F1}.Release|Any CPU.ActiveCfg = Release|Any CPU
		{5776FFE0-FAB6-4BB0-9298-E7E9586280F1}.Release|Any CPU.Build.0 = Release|Any CPU
	EndGlobalSection
	GlobalSection(SolutionProperties) = preSolution
		HideSolutionNode = FALSE
	EndGlobalSection
EndGlobal
