Microsoft Visual Studio Solution File, Format Version 12.00
# Visual Studio 15
VisualStudioVersion = 15.0.27004.2006
MinimumVisualStudioVersion = 10.0.40219.1
Project("{FAE04EC0-301F-11D3-BF4B-00C04F79EFBC}") = "Operations.Classification.WpfUi", "Operations.Classification.WpfUi\Operations.Classification.WpfUi.csproj", "{89AAC261-6E53-4D9A-95B3-83D0B442E313}"
EndProject
Project("{2150E333-8FDC-42A3-9474-1A3956D46DE8}") = "01 Front", "01 Front", "{078567A8-7BF7-4031-9806-C6BD9D6B2D5E}"
EndProject
Project("{2150E333-8FDC-42A3-9474-1A3956D46DE8}") = "02 Business", "02 Business", "{5D6CCCEF-6E1E-4D40-B117-C7F1D26384D0}"
EndProject
Project("{2150E333-8FDC-42A3-9474-1A3956D46DE8}") = "09 Tests", "09 Tests", "{132F170B-0A03-4B93-A0D6-FE2A7598247F}"
EndProject
Project("{2150E333-8FDC-42A3-9474-1A3956D46DE8}") = "00 Gettings started", "00 Gettings started", "{3EB9216F-64E7-45D9-ADE4-1941E5F43229}"
	ProjectSection(SolutionItems) = preProject
		AlteredMinimumRecommendedRules.ruleset = AlteredMinimumRecommendedRules.ruleset
		LICENSE = LICENSE
		README.md = README.md
		stylecop.json = stylecop.json
	EndProjectSection
EndProject
Project("{FAE04EC0-301F-11D3-BF4B-00C04F79EFBC}") = "Operations.Classification.Schemas", "Operations.Classification.Schemas\Operations.Classification.Schemas.csproj", "{0B3BF827-D5A9-474B-B6BD-D31E054AAE78}"
EndProject
Project("{9A19103F-16F7-4668-BE54-9A1E7A4F7556}") = "MyAccounts.Business", "MyAccounts.Business\MyAccounts.Business.csproj", "{91FB57B2-F839-4D6F-A994-A30FABDBF2BA}"
EndProject
Project("{FAE04EC0-301F-11D3-BF4B-00C04F79EFBC}") = "MyAccounts.Classification.MobileUi.Android", "MyAccounts.Classification.MobileUi\MyAccounts.Classification.MobileUi.Android\MyAccounts.Classification.MobileUi.Android.csproj", "{19409700-6E7A-40A1-9E9F-82BD19098DEC}"
EndProject
Project("{FAE04EC0-301F-11D3-BF4B-00C04F79EFBC}") = "MyAccounts.Classification.MobileUi.iOS", "MyAccounts.Classification.MobileUi\MyAccounts.Classification.MobileUi.iOS\MyAccounts.Classification.MobileUi.iOS.csproj", "{75B5266F-5214-415A-80B7-2061396AE74F}"
EndProject
Project("{2150E333-8FDC-42A3-9474-1A3956D46DE8}") = "Mobile", "Mobile", "{4BDDD06E-A2CA-4013-BCA9-84FE1B345E40}"
EndProject
Project("{9A19103F-16F7-4668-BE54-9A1E7A4F7556}") = "MyAccounts.NetStandard", "MyAccounts.NetStandard\MyAccounts.NetStandard.csproj", "{608F8942-ABDD-4F89-95D9-93DFAD3B9AA8}"
EndProject
Project("{9A19103F-16F7-4668-BE54-9A1E7A4F7556}") = "MyAccounts.Tests", "MyAccounts.Tests\MyAccounts.Tests.csproj", "{C4798633-062B-4E90-8D97-DDA90E78F704}"
EndProject
Project("{9A19103F-16F7-4668-BE54-9A1E7A4F7556}") = "MyAccounts.Tests.Gmc", "MyAccounts.Tests.Gmc\MyAccounts.Tests.Gmc.csproj", "{ADBF2E50-9BE8-4EC0-9A9C-375B0960DD73}"
EndProject
Project("{FAE04EC0-301F-11D3-BF4B-00C04F79EFBC}") = "MyAccounts.Mobile.Shared", "MyAccounts.Mobile.Shared\MyAccounts.Mobile.Shared.csproj", "{358E7E28-1E5D-42F4-831A-CA5C86B6C199}"
EndProject
Global
	GlobalSection(SolutionConfigurationPlatforms) = preSolution
		Debug|Any CPU = Debug|Any CPU
		Debug|iPhone = Debug|iPhone
		Debug|iPhoneSimulator = Debug|iPhoneSimulator
		Debug|x64 = Debug|x64
		Debug|x86 = Debug|x86
		Release|Any CPU = Release|Any CPU
		Release|iPhone = Release|iPhone
		Release|iPhoneSimulator = Release|iPhoneSimulator
		Release|x64 = Release|x64
		Release|x86 = Release|x86
	EndGlobalSection
	GlobalSection(ProjectConfigurationPlatforms) = postSolution
		{89AAC261-6E53-4D9A-95B3-83D0B442E313}.Debug|Any CPU.ActiveCfg = Debug|Any CPU
		{89AAC261-6E53-4D9A-95B3-83D0B442E313}.Debug|Any CPU.Build.0 = Debug|Any CPU
		{89AAC261-6E53-4D9A-95B3-83D0B442E313}.Debug|iPhone.ActiveCfg = Debug|Any CPU
		{89AAC261-6E53-4D9A-95B3-83D0B442E313}.Debug|iPhone.Build.0 = Debug|Any CPU
		{89AAC261-6E53-4D9A-95B3-83D0B442E313}.Debug|iPhoneSimulator.ActiveCfg = Debug|Any CPU
		{89AAC261-6E53-4D9A-95B3-83D0B442E313}.Debug|iPhoneSimulator.Build.0 = Debug|Any CPU
		{89AAC261-6E53-4D9A-95B3-83D0B442E313}.Debug|x64.ActiveCfg = Debug|Any CPU
		{89AAC261-6E53-4D9A-95B3-83D0B442E313}.Debug|x64.Build.0 = Debug|Any CPU
		{89AAC261-6E53-4D9A-95B3-83D0B442E313}.Debug|x86.ActiveCfg = Debug|Any CPU
		{89AAC261-6E53-4D9A-95B3-83D0B442E313}.Debug|x86.Build.0 = Debug|Any CPU
		{89AAC261-6E53-4D9A-95B3-83D0B442E313}.Release|Any CPU.ActiveCfg = Release|Any CPU
		{89AAC261-6E53-4D9A-95B3-83D0B442E313}.Release|Any CPU.Build.0 = Release|Any CPU
		{89AAC261-6E53-4D9A-95B3-83D0B442E313}.Release|iPhone.ActiveCfg = Release|Any CPU
		{89AAC261-6E53-4D9A-95B3-83D0B442E313}.Release|iPhone.Build.0 = Release|Any CPU
		{89AAC261-6E53-4D9A-95B3-83D0B442E313}.Release|iPhoneSimulator.ActiveCfg = Release|Any CPU
		{89AAC261-6E53-4D9A-95B3-83D0B442E313}.Release|iPhoneSimulator.Build.0 = Release|Any CPU
		{89AAC261-6E53-4D9A-95B3-83D0B442E313}.Release|x64.ActiveCfg = Release|Any CPU
		{89AAC261-6E53-4D9A-95B3-83D0B442E313}.Release|x64.Build.0 = Release|Any CPU
		{89AAC261-6E53-4D9A-95B3-83D0B442E313}.Release|x86.ActiveCfg = Release|Any CPU
		{89AAC261-6E53-4D9A-95B3-83D0B442E313}.Release|x86.Build.0 = Release|Any CPU
		{0B3BF827-D5A9-474B-B6BD-D31E054AAE78}.Debug|Any CPU.ActiveCfg = Debug|Any CPU
		{0B3BF827-D5A9-474B-B6BD-D31E054AAE78}.Debug|iPhone.ActiveCfg = Debug|Any CPU
		{0B3BF827-D5A9-474B-B6BD-D31E054AAE78}.Debug|iPhone.Build.0 = Debug|Any CPU
		{0B3BF827-D5A9-474B-B6BD-D31E054AAE78}.Debug|iPhoneSimulator.ActiveCfg = Debug|Any CPU
		{0B3BF827-D5A9-474B-B6BD-D31E054AAE78}.Debug|iPhoneSimulator.Build.0 = Debug|Any CPU
		{0B3BF827-D5A9-474B-B6BD-D31E054AAE78}.Debug|x64.ActiveCfg = Debug|Any CPU
		{0B3BF827-D5A9-474B-B6BD-D31E054AAE78}.Debug|x64.Build.0 = Debug|Any CPU
		{0B3BF827-D5A9-474B-B6BD-D31E054AAE78}.Debug|x86.ActiveCfg = Debug|Any CPU
		{0B3BF827-D5A9-474B-B6BD-D31E054AAE78}.Debug|x86.Build.0 = Debug|Any CPU
		{0B3BF827-D5A9-474B-B6BD-D31E054AAE78}.Release|Any CPU.ActiveCfg = Release|Any CPU
		{0B3BF827-D5A9-474B-B6BD-D31E054AAE78}.Release|iPhone.ActiveCfg = Release|Any CPU
		{0B3BF827-D5A9-474B-B6BD-D31E054AAE78}.Release|iPhone.Build.0 = Release|Any CPU
		{0B3BF827-D5A9-474B-B6BD-D31E054AAE78}.Release|iPhoneSimulator.ActiveCfg = Release|Any CPU
		{0B3BF827-D5A9-474B-B6BD-D31E054AAE78}.Release|iPhoneSimulator.Build.0 = Release|Any CPU
		{0B3BF827-D5A9-474B-B6BD-D31E054AAE78}.Release|x64.ActiveCfg = Release|Any CPU
		{0B3BF827-D5A9-474B-B6BD-D31E054AAE78}.Release|x64.Build.0 = Release|Any CPU
		{0B3BF827-D5A9-474B-B6BD-D31E054AAE78}.Release|x86.ActiveCfg = Release|Any CPU
		{0B3BF827-D5A9-474B-B6BD-D31E054AAE78}.Release|x86.Build.0 = Release|Any CPU
		{91FB57B2-F839-4D6F-A994-A30FABDBF2BA}.Debug|Any CPU.ActiveCfg = Debug|Any CPU
		{91FB57B2-F839-4D6F-A994-A30FABDBF2BA}.Debug|Any CPU.Build.0 = Debug|Any CPU
		{91FB57B2-F839-4D6F-A994-A30FABDBF2BA}.Debug|iPhone.ActiveCfg = Debug|Any CPU
		{91FB57B2-F839-4D6F-A994-A30FABDBF2BA}.Debug|iPhone.Build.0 = Debug|Any CPU
		{91FB57B2-F839-4D6F-A994-A30FABDBF2BA}.Debug|iPhoneSimulator.ActiveCfg = Debug|Any CPU
		{91FB57B2-F839-4D6F-A994-A30FABDBF2BA}.Debug|iPhoneSimulator.Build.0 = Debug|Any CPU
		{91FB57B2-F839-4D6F-A994-A30FABDBF2BA}.Debug|x64.ActiveCfg = Debug|Any CPU
		{91FB57B2-F839-4D6F-A994-A30FABDBF2BA}.Debug|x64.Build.0 = Debug|Any CPU
		{91FB57B2-F839-4D6F-A994-A30FABDBF2BA}.Debug|x86.ActiveCfg = Debug|Any CPU
		{91FB57B2-F839-4D6F-A994-A30FABDBF2BA}.Debug|x86.Build.0 = Debug|Any CPU
		{91FB57B2-F839-4D6F-A994-A30FABDBF2BA}.Release|Any CPU.ActiveCfg = Release|Any CPU
		{91FB57B2-F839-4D6F-A994-A30FABDBF2BA}.Release|Any CPU.Build.0 = Release|Any CPU
		{91FB57B2-F839-4D6F-A994-A30FABDBF2BA}.Release|iPhone.ActiveCfg = Release|Any CPU
		{91FB57B2-F839-4D6F-A994-A30FABDBF2BA}.Release|iPhone.Build.0 = Release|Any CPU
		{91FB57B2-F839-4D6F-A994-A30FABDBF2BA}.Release|iPhoneSimulator.ActiveCfg = Release|Any CPU
		{91FB57B2-F839-4D6F-A994-A30FABDBF2BA}.Release|iPhoneSimulator.Build.0 = Release|Any CPU
		{91FB57B2-F839-4D6F-A994-A30FABDBF2BA}.Release|x64.ActiveCfg = Release|Any CPU
		{91FB57B2-F839-4D6F-A994-A30FABDBF2BA}.Release|x64.Build.0 = Release|Any CPU
		{91FB57B2-F839-4D6F-A994-A30FABDBF2BA}.Release|x86.ActiveCfg = Release|Any CPU
		{91FB57B2-F839-4D6F-A994-A30FABDBF2BA}.Release|x86.Build.0 = Release|Any CPU
		{19409700-6E7A-40A1-9E9F-82BD19098DEC}.Debug|Any CPU.ActiveCfg = Debug|Any CPU
		{19409700-6E7A-40A1-9E9F-82BD19098DEC}.Debug|Any CPU.Build.0 = Debug|Any CPU
		{19409700-6E7A-40A1-9E9F-82BD19098DEC}.Debug|Any CPU.Deploy.0 = Debug|Any CPU
		{19409700-6E7A-40A1-9E9F-82BD19098DEC}.Debug|iPhone.ActiveCfg = Debug|Any CPU
		{19409700-6E7A-40A1-9E9F-82BD19098DEC}.Debug|iPhone.Build.0 = Debug|Any CPU
		{19409700-6E7A-40A1-9E9F-82BD19098DEC}.Debug|iPhone.Deploy.0 = Debug|Any CPU
		{19409700-6E7A-40A1-9E9F-82BD19098DEC}.Debug|iPhoneSimulator.ActiveCfg = Debug|Any CPU
		{19409700-6E7A-40A1-9E9F-82BD19098DEC}.Debug|iPhoneSimulator.Build.0 = Debug|Any CPU
		{19409700-6E7A-40A1-9E9F-82BD19098DEC}.Debug|iPhoneSimulator.Deploy.0 = Debug|Any CPU
		{19409700-6E7A-40A1-9E9F-82BD19098DEC}.Debug|x64.ActiveCfg = Debug|Any CPU
		{19409700-6E7A-40A1-9E9F-82BD19098DEC}.Debug|x64.Build.0 = Debug|Any CPU
		{19409700-6E7A-40A1-9E9F-82BD19098DEC}.Debug|x64.Deploy.0 = Debug|Any CPU
		{19409700-6E7A-40A1-9E9F-82BD19098DEC}.Debug|x86.ActiveCfg = Debug|Any CPU
		{19409700-6E7A-40A1-9E9F-82BD19098DEC}.Debug|x86.Build.0 = Debug|Any CPU
		{19409700-6E7A-40A1-9E9F-82BD19098DEC}.Debug|x86.Deploy.0 = Debug|Any CPU
		{19409700-6E7A-40A1-9E9F-82BD19098DEC}.Release|Any CPU.ActiveCfg = Release|Any CPU
		{19409700-6E7A-40A1-9E9F-82BD19098DEC}.Release|Any CPU.Build.0 = Release|Any CPU
		{19409700-6E7A-40A1-9E9F-82BD19098DEC}.Release|Any CPU.Deploy.0 = Release|Any CPU
		{19409700-6E7A-40A1-9E9F-82BD19098DEC}.Release|iPhone.ActiveCfg = Release|Any CPU
		{19409700-6E7A-40A1-9E9F-82BD19098DEC}.Release|iPhone.Build.0 = Release|Any CPU
		{19409700-6E7A-40A1-9E9F-82BD19098DEC}.Release|iPhone.Deploy.0 = Release|Any CPU
		{19409700-6E7A-40A1-9E9F-82BD19098DEC}.Release|iPhoneSimulator.ActiveCfg = Release|Any CPU
		{19409700-6E7A-40A1-9E9F-82BD19098DEC}.Release|iPhoneSimulator.Build.0 = Release|Any CPU
		{19409700-6E7A-40A1-9E9F-82BD19098DEC}.Release|iPhoneSimulator.Deploy.0 = Release|Any CPU
		{19409700-6E7A-40A1-9E9F-82BD19098DEC}.Release|x64.ActiveCfg = Release|Any CPU
		{19409700-6E7A-40A1-9E9F-82BD19098DEC}.Release|x64.Build.0 = Release|Any CPU
		{19409700-6E7A-40A1-9E9F-82BD19098DEC}.Release|x64.Deploy.0 = Release|Any CPU
		{19409700-6E7A-40A1-9E9F-82BD19098DEC}.Release|x86.ActiveCfg = Release|Any CPU
		{19409700-6E7A-40A1-9E9F-82BD19098DEC}.Release|x86.Build.0 = Release|Any CPU
		{19409700-6E7A-40A1-9E9F-82BD19098DEC}.Release|x86.Deploy.0 = Release|Any CPU
		{75B5266F-5214-415A-80B7-2061396AE74F}.Debug|Any CPU.ActiveCfg = Debug|iPhone
		{75B5266F-5214-415A-80B7-2061396AE74F}.Debug|iPhone.ActiveCfg = Debug|iPhone
		{75B5266F-5214-415A-80B7-2061396AE74F}.Debug|iPhone.Build.0 = Debug|iPhone
		{75B5266F-5214-415A-80B7-2061396AE74F}.Debug|iPhoneSimulator.ActiveCfg = Debug|iPhoneSimulator
		{75B5266F-5214-415A-80B7-2061396AE74F}.Debug|iPhoneSimulator.Build.0 = Debug|iPhoneSimulator
		{75B5266F-5214-415A-80B7-2061396AE74F}.Debug|x64.ActiveCfg = Debug|iPhone
		{75B5266F-5214-415A-80B7-2061396AE74F}.Debug|x86.ActiveCfg = Debug|iPhone
		{75B5266F-5214-415A-80B7-2061396AE74F}.Release|Any CPU.ActiveCfg = Release|iPhone
		{75B5266F-5214-415A-80B7-2061396AE74F}.Release|iPhone.ActiveCfg = Release|iPhone
		{75B5266F-5214-415A-80B7-2061396AE74F}.Release|iPhone.Build.0 = Release|iPhone
		{75B5266F-5214-415A-80B7-2061396AE74F}.Release|iPhoneSimulator.ActiveCfg = Release|iPhoneSimulator
		{75B5266F-5214-415A-80B7-2061396AE74F}.Release|iPhoneSimulator.Build.0 = Release|iPhoneSimulator
		{75B5266F-5214-415A-80B7-2061396AE74F}.Release|x64.ActiveCfg = Release|iPhone
		{75B5266F-5214-415A-80B7-2061396AE74F}.Release|x86.ActiveCfg = Release|iPhone
		{608F8942-ABDD-4F89-95D9-93DFAD3B9AA8}.Debug|Any CPU.ActiveCfg = Debug|Any CPU
		{608F8942-ABDD-4F89-95D9-93DFAD3B9AA8}.Debug|Any CPU.Build.0 = Debug|Any CPU
		{608F8942-ABDD-4F89-95D9-93DFAD3B9AA8}.Debug|iPhone.ActiveCfg = Debug|Any CPU
		{608F8942-ABDD-4F89-95D9-93DFAD3B9AA8}.Debug|iPhone.Build.0 = Debug|Any CPU
		{608F8942-ABDD-4F89-95D9-93DFAD3B9AA8}.Debug|iPhoneSimulator.ActiveCfg = Debug|Any CPU
		{608F8942-ABDD-4F89-95D9-93DFAD3B9AA8}.Debug|iPhoneSimulator.Build.0 = Debug|Any CPU
		{608F8942-ABDD-4F89-95D9-93DFAD3B9AA8}.Debug|x64.ActiveCfg = Debug|Any CPU
		{608F8942-ABDD-4F89-95D9-93DFAD3B9AA8}.Debug|x64.Build.0 = Debug|Any CPU
		{608F8942-ABDD-4F89-95D9-93DFAD3B9AA8}.Debug|x86.ActiveCfg = Debug|Any CPU
		{608F8942-ABDD-4F89-95D9-93DFAD3B9AA8}.Debug|x86.Build.0 = Debug|Any CPU
		{608F8942-ABDD-4F89-95D9-93DFAD3B9AA8}.Release|Any CPU.ActiveCfg = Release|Any CPU
		{608F8942-ABDD-4F89-95D9-93DFAD3B9AA8}.Release|Any CPU.Build.0 = Release|Any CPU
		{608F8942-ABDD-4F89-95D9-93DFAD3B9AA8}.Release|iPhone.ActiveCfg = Release|Any CPU
		{608F8942-ABDD-4F89-95D9-93DFAD3B9AA8}.Release|iPhone.Build.0 = Release|Any CPU
		{608F8942-ABDD-4F89-95D9-93DFAD3B9AA8}.Release|iPhoneSimulator.ActiveCfg = Release|Any CPU
		{608F8942-ABDD-4F89-95D9-93DFAD3B9AA8}.Release|iPhoneSimulator.Build.0 = Release|Any CPU
		{608F8942-ABDD-4F89-95D9-93DFAD3B9AA8}.Release|x64.ActiveCfg = Release|Any CPU
		{608F8942-ABDD-4F89-95D9-93DFAD3B9AA8}.Release|x64.Build.0 = Release|Any CPU
		{608F8942-ABDD-4F89-95D9-93DFAD3B9AA8}.Release|x86.ActiveCfg = Release|Any CPU
		{608F8942-ABDD-4F89-95D9-93DFAD3B9AA8}.Release|x86.Build.0 = Release|Any CPU
		{C4798633-062B-4E90-8D97-DDA90E78F704}.Debug|Any CPU.ActiveCfg = Debug|Any CPU
		{C4798633-062B-4E90-8D97-DDA90E78F704}.Debug|Any CPU.Build.0 = Debug|Any CPU
		{C4798633-062B-4E90-8D97-DDA90E78F704}.Debug|iPhone.ActiveCfg = Debug|Any CPU
		{C4798633-062B-4E90-8D97-DDA90E78F704}.Debug|iPhone.Build.0 = Debug|Any CPU
		{C4798633-062B-4E90-8D97-DDA90E78F704}.Debug|iPhoneSimulator.ActiveCfg = Debug|Any CPU
		{C4798633-062B-4E90-8D97-DDA90E78F704}.Debug|iPhoneSimulator.Build.0 = Debug|Any CPU
		{C4798633-062B-4E90-8D97-DDA90E78F704}.Debug|x64.ActiveCfg = Debug|Any CPU
		{C4798633-062B-4E90-8D97-DDA90E78F704}.Debug|x64.Build.0 = Debug|Any CPU
		{C4798633-062B-4E90-8D97-DDA90E78F704}.Debug|x86.ActiveCfg = Debug|Any CPU
		{C4798633-062B-4E90-8D97-DDA90E78F704}.Debug|x86.Build.0 = Debug|Any CPU
		{C4798633-062B-4E90-8D97-DDA90E78F704}.Release|Any CPU.ActiveCfg = Release|Any CPU
		{C4798633-062B-4E90-8D97-DDA90E78F704}.Release|Any CPU.Build.0 = Release|Any CPU
		{C4798633-062B-4E90-8D97-DDA90E78F704}.Release|iPhone.ActiveCfg = Release|Any CPU
		{C4798633-062B-4E90-8D97-DDA90E78F704}.Release|iPhone.Build.0 = Release|Any CPU
		{C4798633-062B-4E90-8D97-DDA90E78F704}.Release|iPhoneSimulator.ActiveCfg = Release|Any CPU
		{C4798633-062B-4E90-8D97-DDA90E78F704}.Release|iPhoneSimulator.Build.0 = Release|Any CPU
		{C4798633-062B-4E90-8D97-DDA90E78F704}.Release|x64.ActiveCfg = Release|Any CPU
		{C4798633-062B-4E90-8D97-DDA90E78F704}.Release|x64.Build.0 = Release|Any CPU
		{C4798633-062B-4E90-8D97-DDA90E78F704}.Release|x86.ActiveCfg = Release|Any CPU
		{C4798633-062B-4E90-8D97-DDA90E78F704}.Release|x86.Build.0 = Release|Any CPU
		{ADBF2E50-9BE8-4EC0-9A9C-375B0960DD73}.Debug|Any CPU.ActiveCfg = Debug|Any CPU
		{ADBF2E50-9BE8-4EC0-9A9C-375B0960DD73}.Debug|Any CPU.Build.0 = Debug|Any CPU
		{ADBF2E50-9BE8-4EC0-9A9C-375B0960DD73}.Debug|iPhone.ActiveCfg = Debug|Any CPU
		{ADBF2E50-9BE8-4EC0-9A9C-375B0960DD73}.Debug|iPhone.Build.0 = Debug|Any CPU
		{ADBF2E50-9BE8-4EC0-9A9C-375B0960DD73}.Debug|iPhoneSimulator.ActiveCfg = Debug|Any CPU
		{ADBF2E50-9BE8-4EC0-9A9C-375B0960DD73}.Debug|iPhoneSimulator.Build.0 = Debug|Any CPU
		{ADBF2E50-9BE8-4EC0-9A9C-375B0960DD73}.Debug|x64.ActiveCfg = Debug|Any CPU
		{ADBF2E50-9BE8-4EC0-9A9C-375B0960DD73}.Debug|x64.Build.0 = Debug|Any CPU
		{ADBF2E50-9BE8-4EC0-9A9C-375B0960DD73}.Debug|x86.ActiveCfg = Debug|Any CPU
		{ADBF2E50-9BE8-4EC0-9A9C-375B0960DD73}.Debug|x86.Build.0 = Debug|Any CPU
		{ADBF2E50-9BE8-4EC0-9A9C-375B0960DD73}.Release|Any CPU.ActiveCfg = Release|Any CPU
		{ADBF2E50-9BE8-4EC0-9A9C-375B0960DD73}.Release|Any CPU.Build.0 = Release|Any CPU
		{ADBF2E50-9BE8-4EC0-9A9C-375B0960DD73}.Release|iPhone.ActiveCfg = Release|Any CPU
		{ADBF2E50-9BE8-4EC0-9A9C-375B0960DD73}.Release|iPhone.Build.0 = Release|Any CPU
		{ADBF2E50-9BE8-4EC0-9A9C-375B0960DD73}.Release|iPhoneSimulator.ActiveCfg = Release|Any CPU
		{ADBF2E50-9BE8-4EC0-9A9C-375B0960DD73}.Release|iPhoneSimulator.Build.0 = Release|Any CPU
		{ADBF2E50-9BE8-4EC0-9A9C-375B0960DD73}.Release|x64.ActiveCfg = Release|Any CPU
		{ADBF2E50-9BE8-4EC0-9A9C-375B0960DD73}.Release|x64.Build.0 = Release|Any CPU
		{ADBF2E50-9BE8-4EC0-9A9C-375B0960DD73}.Release|x86.ActiveCfg = Release|Any CPU
		{ADBF2E50-9BE8-4EC0-9A9C-375B0960DD73}.Release|x86.Build.0 = Release|Any CPU
		{358E7E28-1E5D-42F4-831A-CA5C86B6C199}.Debug|Any CPU.ActiveCfg = Debug|Any CPU
		{358E7E28-1E5D-42F4-831A-CA5C86B6C199}.Debug|Any CPU.Build.0 = Debug|Any CPU
		{358E7E28-1E5D-42F4-831A-CA5C86B6C199}.Debug|iPhone.ActiveCfg = Debug|Any CPU
		{358E7E28-1E5D-42F4-831A-CA5C86B6C199}.Debug|iPhone.Build.0 = Debug|Any CPU
		{358E7E28-1E5D-42F4-831A-CA5C86B6C199}.Debug|iPhoneSimulator.ActiveCfg = Debug|Any CPU
		{358E7E28-1E5D-42F4-831A-CA5C86B6C199}.Debug|iPhoneSimulator.Build.0 = Debug|Any CPU
		{358E7E28-1E5D-42F4-831A-CA5C86B6C199}.Debug|x64.ActiveCfg = Debug|Any CPU
		{358E7E28-1E5D-42F4-831A-CA5C86B6C199}.Debug|x64.Build.0 = Debug|Any CPU
		{358E7E28-1E5D-42F4-831A-CA5C86B6C199}.Debug|x86.ActiveCfg = Debug|Any CPU
		{358E7E28-1E5D-42F4-831A-CA5C86B6C199}.Debug|x86.Build.0 = Debug|Any CPU
		{358E7E28-1E5D-42F4-831A-CA5C86B6C199}.Release|Any CPU.ActiveCfg = Release|Any CPU
		{358E7E28-1E5D-42F4-831A-CA5C86B6C199}.Release|Any CPU.Build.0 = Release|Any CPU
		{358E7E28-1E5D-42F4-831A-CA5C86B6C199}.Release|iPhone.ActiveCfg = Release|Any CPU
		{358E7E28-1E5D-42F4-831A-CA5C86B6C199}.Release|iPhone.Build.0 = Release|Any CPU
		{358E7E28-1E5D-42F4-831A-CA5C86B6C199}.Release|iPhoneSimulator.ActiveCfg = Release|Any CPU
		{358E7E28-1E5D-42F4-831A-CA5C86B6C199}.Release|iPhoneSimulator.Build.0 = Release|Any CPU
		{358E7E28-1E5D-42F4-831A-CA5C86B6C199}.Release|x64.ActiveCfg = Release|Any CPU
		{358E7E28-1E5D-42F4-831A-CA5C86B6C199}.Release|x64.Build.0 = Release|Any CPU
		{358E7E28-1E5D-42F4-831A-CA5C86B6C199}.Release|x86.ActiveCfg = Release|Any CPU
		{358E7E28-1E5D-42F4-831A-CA5C86B6C199}.Release|x86.Build.0 = Release|Any CPU
	EndGlobalSection
	GlobalSection(SolutionProperties) = preSolution
		HideSolutionNode = FALSE
	EndGlobalSection
	GlobalSection(NestedProjects) = preSolution
		{89AAC261-6E53-4D9A-95B3-83D0B442E313} = {078567A8-7BF7-4031-9806-C6BD9D6B2D5E}
		{0B3BF827-D5A9-474B-B6BD-D31E054AAE78} = {3EB9216F-64E7-45D9-ADE4-1941E5F43229}
		{91FB57B2-F839-4D6F-A994-A30FABDBF2BA} = {5D6CCCEF-6E1E-4D40-B117-C7F1D26384D0}
		{19409700-6E7A-40A1-9E9F-82BD19098DEC} = {4BDDD06E-A2CA-4013-BCA9-84FE1B345E40}
		{75B5266F-5214-415A-80B7-2061396AE74F} = {4BDDD06E-A2CA-4013-BCA9-84FE1B345E40}
		{4BDDD06E-A2CA-4013-BCA9-84FE1B345E40} = {078567A8-7BF7-4031-9806-C6BD9D6B2D5E}
		{608F8942-ABDD-4F89-95D9-93DFAD3B9AA8} = {5D6CCCEF-6E1E-4D40-B117-C7F1D26384D0}
		{C4798633-062B-4E90-8D97-DDA90E78F704} = {132F170B-0A03-4B93-A0D6-FE2A7598247F}
		{ADBF2E50-9BE8-4EC0-9A9C-375B0960DD73} = {132F170B-0A03-4B93-A0D6-FE2A7598247F}
		{358E7E28-1E5D-42F4-831A-CA5C86B6C199} = {4BDDD06E-A2CA-4013-BCA9-84FE1B345E40}
	EndGlobalSection
	GlobalSection(ExtensibilityGlobals) = postSolution
		SolutionGuid = {C5379A6B-B8A1-4176-9D3A-2CF2FAB12C38}
	EndGlobalSection
EndGlobal
